{
  "object": {
    "pins": [
      {
        "package": "LLVM",
        "repositoryURL": "https://github.com/vdka/LLVMSwift.git",
        "state": {
          "branch": "comparisons-are-binary",
          "revision": "b17f07220f8fce7394c0757659bf43e371fc4e56",
          "version": null
        }
      },
      {
        "package": "cllvm",
        "repositoryURL": "https://github.com/trill-lang/cllvm.git",
        "state": {
          "branch": null,
          "revision": "e85a8ebe9f45cff9fa31b43c32662318232b392a",
          "version": "0.0.3"
        }
      }
    ]
  },
  "version": 1
}
